
Microsoft Visual Studio Solution File, Format Version 12.00
# Visual Studio Version 17
VisualStudioVersion = 17.13.35825.156 d17.13
MinimumVisualStudioVersion = 10.0.40219.1
Project("{FAE04EC0-301F-11D3-BF4B-00C04F79EFBC}") = "AngularStandaloneDemo", "AngularStandaloneDemo\AngularStandaloneDemo.csproj", "{446DD04D-B1B7-40A3-B13A-AFCFB78DE8EA}"
EndProject
Global
	GlobalSection(SolutionConfigurationPlatforms) = preSolution
		Debug|Any CPU = Debug|Any CPU
		Release|Any CPU = Release|Any CPU
	EndGlobalSection
	GlobalSection(ProjectConfigurationPlatforms) = postSolution
		{446DD04D-B1B7-40A3-B13A-AFCFB78DE8EA}.Debug|Any CPU.ActiveCfg = Debug|Any CPU
		{446DD04D-B1B7-40A3-B13A-AFCFB78DE8EA}.Debug|Any CPU.Build.0 = Debug|Any CPU
		{446DD04D-B1B7-40A3-B13A-AFCFB78DE8EA}.Release|Any CPU.ActiveCfg = Release|Any CPU
		{446DD04D-B1B7-40A3-B13A-AFCFB78DE8EA}.Release|Any CPU.Build.0 = Release|Any CPU
	EndGlobalSection
	GlobalSection(SolutionProperties) = preSolution
		HideSolutionNode = FALSE
	EndGlobalSection
	GlobalSection(ExtensibilityGlobals) = postSolution
		SolutionGuid = {82B3A1A6-8B77-4B79-B61C-A8E1F67F52FD}
	EndGlobalSection
EndGlobal
